
Microsoft Visual Studio Solution File, Format Version 12.00
# Visual Studio Version 17
VisualStudioVersion = 17.0.31903.59
MinimumVisualStudioVersion = 10.0.40219.1
Project("{2150E333-8FDC-42A3-9474-1A3956D46DE8}") = "src", "src", "{F40ED49E-72A3-410D-AFBC-94FE31614C1A}"
EndProject
Project("{9A19103F-16F7-4668-BE54-9A1E7A4F7556}") = "WasmComponent.Sdk", "src\WasmComponent.Sdk\WasmComponent.Sdk.csproj", "{FB68D5A1-89AA-47AB-B397-F93FF529995C}"
EndProject
Project("{9A19103F-16F7-4668-BE54-9A1E7A4F7556}") = "WitBindgen", "src\WitBindgen\WitBindgen.csproj", "{7D4CD1D4-4DD2-418F-9E46-FF4140293B63}"
EndProject
Project("{2150E333-8FDC-42A3-9474-1A3956D46DE8}") = "samples", "samples", "{AA757883-5539-467E-97EA-6FE67D09A697}"
EndProject
Project("{2150E333-8FDC-42A3-9474-1A3956D46DE8}") = "calculator", "calculator", "{8A0A8F87-CEEB-447E-A694-36BEA1659CA5}"
EndProject
Project("{9A19103F-16F7-4668-BE54-9A1E7A4F7556}") = "Adder", "samples\calculator\Adder\Adder.csproj", "{5A906283-BA3B-4335-A5FA-0DFDEB771D84}"
EndProject
Project("{9A19103F-16F7-4668-BE54-9A1E7A4F7556}") = "CalculatorHost", "samples\calculator\CalculatorHost\CalculatorHost.csproj", "{09E495AF-959E-4B3C-90FC-7E6CD5869F27}"
EndProject
Project("{9A19103F-16F7-4668-BE54-9A1E7A4F7556}") = "CalculatorComposed", "samples\calculator\CalculatorComposed\CalculatorComposed.csproj", "{D6691373-08CB-466F-A230-A038BD82D6CD}"
EndProject
Project("{2150E333-8FDC-42A3-9474-1A3956D46DE8}") = "test", "test", "{A1E6722B-B184-4AB8-9629-E6A5E76EE9CA}"
EndProject
Project("{2150E333-8FDC-42A3-9474-1A3956D46DE8}") = "WitBindgenTest", "WitBindgenTest", "{1F70A217-41B7-4FCB-9C16-E0B9406E77AB}"
EndProject
Project("{2150E333-8FDC-42A3-9474-1A3956D46DE8}") = "testapps", "testapps", "{54191E3B-7EB0-4050-B781-415A87685BE3}"
EndProject
Project("{9A19103F-16F7-4668-BE54-9A1E7A4F7556}") = "LibraryUsingWit", "test\WitBindgenTest\testapps\LibraryUsingWit\LibraryUsingWit.csproj", "{20ED9DCE-3911-4382-BE1A-14BA3382A930}"
EndProject
Project("{9A19103F-16F7-4668-BE54-9A1E7A4F7556}") = "WitBindgenTest", "test\WitBindgenTest\WitBindgenTest\WitBindgenTest.csproj", "{9B56CBAA-3E96-4ABD-A7E2-A986ADFD3408}"
EndProject
Project("{2150E333-8FDC-42A3-9474-1A3956D46DE8}") = "WasmComponentSdkTest", "WasmComponentSdkTest", "{FD37EDE5-DB46-4501-9153-7668C7CB9930}"
EndProject
Project("{2150E333-8FDC-42A3-9474-1A3956D46DE8}") = "testapps", "testapps", "{C9AB3852-164F-4DBA-B794-D9CC298174D6}"
EndProject
Project("{9A19103F-16F7-4668-BE54-9A1E7A4F7556}") = "SimpleProducer", "test\WasmComponentSdkTest\testapps\SimpleProducer\SimpleProducer.csproj", "{9176AC70-039F-43B5-BA3D-CDF9FE1D3BFB}"
EndProject
Project("{9A19103F-16F7-4668-BE54-9A1E7A4F7556}") = "SimpleConsumer", "test\WasmComponentSdkTest\testapps\SimpleConsumer\SimpleConsumer.csproj", "{BBF34708-0583-4708-AB93-CECADB446B8B}"
EndProject
Project("{9A19103F-16F7-4668-BE54-9A1E7A4F7556}") = "WasmComponentSdkTest", "test\WasmComponentSdkTest\WasmComponentSdkTest\WasmComponentSdkTest.csproj", "{2BAB8E09-C4EC-40D3-9378-5BFB6620B26B}"
EndProject
Project("{2150E333-8FDC-42A3-9474-1A3956D46DE8}") = "WasmtimeCliFetcher", "WasmtimeCliFetcher", "{BAA8D48E-411B-4135-9E4F-5B01F5CF3C62}"
	ProjectSection(SolutionItems) = preProject
		test\WasmtimeCliFetcher\FetchWasmtime.targets = test\WasmtimeCliFetcher\FetchWasmtime.targets
	EndProjectSection
EndProject
Global
	GlobalSection(SolutionConfigurationPlatforms) = preSolution
		Debug|Any CPU = Debug|Any CPU
		Release|Any CPU = Release|Any CPU
	EndGlobalSection
	GlobalSection(ProjectConfigurationPlatforms) = postSolution
		{FB68D5A1-89AA-47AB-B397-F93FF529995C}.Debug|Any CPU.ActiveCfg = Debug|Any CPU
		{FB68D5A1-89AA-47AB-B397-F93FF529995C}.Debug|Any CPU.Build.0 = Debug|Any CPU
		{FB68D5A1-89AA-47AB-B397-F93FF529995C}.Release|Any CPU.ActiveCfg = Release|Any CPU
		{FB68D5A1-89AA-47AB-B397-F93FF529995C}.Release|Any CPU.Build.0 = Release|Any CPU
		{7D4CD1D4-4DD2-418F-9E46-FF4140293B63}.Debug|Any CPU.ActiveCfg = Debug|Any CPU
		{7D4CD1D4-4DD2-418F-9E46-FF4140293B63}.Debug|Any CPU.Build.0 = Debug|Any CPU
		{7D4CD1D4-4DD2-418F-9E46-FF4140293B63}.Release|Any CPU.ActiveCfg = Release|Any CPU
		{7D4CD1D4-4DD2-418F-9E46-FF4140293B63}.Release|Any CPU.Build.0 = Release|Any CPU
		{5A906283-BA3B-4335-A5FA-0DFDEB771D84}.Debug|Any CPU.ActiveCfg = Debug|Any CPU
		{5A906283-BA3B-4335-A5FA-0DFDEB771D84}.Debug|Any CPU.Build.0 = Debug|Any CPU
		{5A906283-BA3B-4335-A5FA-0DFDEB771D84}.Release|Any CPU.ActiveCfg = Release|Any CPU
		{5A906283-BA3B-4335-A5FA-0DFDEB771D84}.Release|Any CPU.Build.0 = Release|Any CPU
		{09E495AF-959E-4B3C-90FC-7E6CD5869F27}.Debug|Any CPU.ActiveCfg = Debug|Any CPU
		{09E495AF-959E-4B3C-90FC-7E6CD5869F27}.Debug|Any CPU.Build.0 = Debug|Any CPU
		{09E495AF-959E-4B3C-90FC-7E6CD5869F27}.Release|Any CPU.ActiveCfg = Release|Any CPU
		{09E495AF-959E-4B3C-90FC-7E6CD5869F27}.Release|Any CPU.Build.0 = Release|Any CPU
		{D6691373-08CB-466F-A230-A038BD82D6CD}.Debug|Any CPU.ActiveCfg = Debug|Any CPU
		{D6691373-08CB-466F-A230-A038BD82D6CD}.Debug|Any CPU.Build.0 = Debug|Any CPU
		{D6691373-08CB-466F-A230-A038BD82D6CD}.Release|Any CPU.ActiveCfg = Release|Any CPU
		{D6691373-08CB-466F-A230-A038BD82D6CD}.Release|Any CPU.Build.0 = Release|Any CPU
		{20ED9DCE-3911-4382-BE1A-14BA3382A930}.Debug|Any CPU.ActiveCfg = Debug|Any CPU
		{20ED9DCE-3911-4382-BE1A-14BA3382A930}.Debug|Any CPU.Build.0 = Debug|Any CPU
		{20ED9DCE-3911-4382-BE1A-14BA3382A930}.Release|Any CPU.ActiveCfg = Release|Any CPU
		{20ED9DCE-3911-4382-BE1A-14BA3382A930}.Release|Any CPU.Build.0 = Release|Any CPU
		{9B56CBAA-3E96-4ABD-A7E2-A986ADFD3408}.Debug|Any CPU.ActiveCfg = Debug|Any CPU
		{9B56CBAA-3E96-4ABD-A7E2-A986ADFD3408}.Debug|Any CPU.Build.0 = Debug|Any CPU
		{9B56CBAA-3E96-4ABD-A7E2-A986ADFD3408}.Release|Any CPU.ActiveCfg = Release|Any CPU
		{9B56CBAA-3E96-4ABD-A7E2-A986ADFD3408}.Release|Any CPU.Build.0 = Release|Any CPU
		{9176AC70-039F-43B5-BA3D-CDF9FE1D3BFB}.Debug|Any CPU.ActiveCfg = Debug|Any CPU
		{9176AC70-039F-43B5-BA3D-CDF9FE1D3BFB}.Debug|Any CPU.Build.0 = Debug|Any CPU
		{9176AC70-039F-43B5-BA3D-CDF9FE1D3BFB}.Release|Any CPU.ActiveCfg = Release|Any CPU
		{9176AC70-039F-43B5-BA3D-CDF9FE1D3BFB}.Release|Any CPU.Build.0 = Release|Any CPU
		{BBF34708-0583-4708-AB93-CECADB446B8B}.Debug|Any CPU.ActiveCfg = Debug|Any CPU
		{BBF34708-0583-4708-AB93-CECADB446B8B}.Debug|Any CPU.Build.0 = Debug|Any CPU
		{BBF34708-0583-4708-AB93-CECADB446B8B}.Release|Any CPU.ActiveCfg = Release|Any CPU
		{BBF34708-0583-4708-AB93-CECADB446B8B}.Release|Any CPU.Build.0 = Release|Any CPU
		{2BAB8E09-C4EC-40D3-9378-5BFB6620B26B}.Debug|Any CPU.ActiveCfg = Debug|Any CPU
		{2BAB8E09-C4EC-40D3-9378-5BFB6620B26B}.Debug|Any CPU.Build.0 = Debug|Any CPU
		{2BAB8E09-C4EC-40D3-9378-5BFB6620B26B}.Release|Any CPU.ActiveCfg = Release|Any CPU
		{2BAB8E09-C4EC-40D3-9378-5BFB6620B26B}.Release|Any CPU.Build.0 = Release|Any CPU
	EndGlobalSection
	GlobalSection(SolutionProperties) = preSolution
		HideSolutionNode = FALSE
	EndGlobalSection
	GlobalSection(NestedProjects) = preSolution
		{FB68D5A1-89AA-47AB-B397-F93FF529995C} = {F40ED49E-72A3-410D-AFBC-94FE31614C1A}
		{7D4CD1D4-4DD2-418F-9E46-FF4140293B63} = {F40ED49E-72A3-410D-AFBC-94FE31614C1A}
		{8A0A8F87-CEEB-447E-A694-36BEA1659CA5} = {AA757883-5539-467E-97EA-6FE67D09A697}
		{5A906283-BA3B-4335-A5FA-0DFDEB771D84} = {8A0A8F87-CEEB-447E-A694-36BEA1659CA5}
		{09E495AF-959E-4B3C-90FC-7E6CD5869F27} = {8A0A8F87-CEEB-447E-A694-36BEA1659CA5}
		{D6691373-08CB-466F-A230-A038BD82D6CD} = {8A0A8F87-CEEB-447E-A694-36BEA1659CA5}
		{1F70A217-41B7-4FCB-9C16-E0B9406E77AB} = {A1E6722B-B184-4AB8-9629-E6A5E76EE9CA}
		{54191E3B-7EB0-4050-B781-415A87685BE3} = {1F70A217-41B7-4FCB-9C16-E0B9406E77AB}
		{20ED9DCE-3911-4382-BE1A-14BA3382A930} = {54191E3B-7EB0-4050-B781-415A87685BE3}
		{9B56CBAA-3E96-4ABD-A7E2-A986ADFD3408} = {1F70A217-41B7-4FCB-9C16-E0B9406E77AB}
		{FD37EDE5-DB46-4501-9153-7668C7CB9930} = {A1E6722B-B184-4AB8-9629-E6A5E76EE9CA}
		{C9AB3852-164F-4DBA-B794-D9CC298174D6} = {FD37EDE5-DB46-4501-9153-7668C7CB9930}
		{9176AC70-039F-43B5-BA3D-CDF9FE1D3BFB} = {C9AB3852-164F-4DBA-B794-D9CC298174D6}
		{BBF34708-0583-4708-AB93-CECADB446B8B} = {C9AB3852-164F-4DBA-B794-D9CC298174D6}
		{2BAB8E09-C4EC-40D3-9378-5BFB6620B26B} = {FD37EDE5-DB46-4501-9153-7668C7CB9930}
		{BAA8D48E-411B-4135-9E4F-5B01F5CF3C62} = {A1E6722B-B184-4AB8-9629-E6A5E76EE9CA}
	EndGlobalSection
	GlobalSection(ExtensibilityGlobals) = postSolution
		SolutionGuid = {1F033B40-BF0A-4D81-B1D6-84080B73D385}
	EndGlobalSection
EndGlobal
