
Microsoft Visual Studio Solution File, Format Version 12.00
# Visual Studio Version 17
VisualStudioVersion = 17.0.31903.59
MinimumVisualStudioVersion = 10.0.40219.1
Project("{2150E333-8FDC-42A3-9474-1A3956D46DE8}") = "src", "src", "{F40ED49E-72A3-410D-AFBC-94FE31614C1A}"
EndProject
Project("{FAE04EC0-301F-11D3-BF4B-00C04F79EFBC}") = "WasmComponent.Sdk", "src\WasmComponent.Sdk\WasmComponent.Sdk.csproj", "{FB68D5A1-89AA-47AB-B397-F93FF529995C}"
EndProject
Project("{FAE04EC0-301F-11D3-BF4B-00C04F79EFBC}") = "WitBindgen", "src\WitBindgen\WitBindgen.csproj", "{7D4CD1D4-4DD2-418F-9E46-FF4140293B63}"
EndProject
Global
	GlobalSection(SolutionConfigurationPlatforms) = preSolution
		Debug|Any CPU = Debug|Any CPU
		Release|Any CPU = Release|Any CPU
	EndGlobalSection
	GlobalSection(SolutionProperties) = preSolution
		HideSolutionNode = FALSE
	EndGlobalSection
	GlobalSection(ProjectConfigurationPlatforms) = postSolution
		{FB68D5A1-89AA-47AB-B397-F93FF529995C}.Debug|Any CPU.ActiveCfg = Debug|Any CPU
		{FB68D5A1-89AA-47AB-B397-F93FF529995C}.Debug|Any CPU.Build.0 = Debug|Any CPU
		{FB68D5A1-89AA-47AB-B397-F93FF529995C}.Release|Any CPU.ActiveCfg = Release|Any CPU
		{FB68D5A1-89AA-47AB-B397-F93FF529995C}.Release|Any CPU.Build.0 = Release|Any CPU
		{7D4CD1D4-4DD2-418F-9E46-FF4140293B63}.Debug|Any CPU.ActiveCfg = Debug|Any CPU
		{7D4CD1D4-4DD2-418F-9E46-FF4140293B63}.Debug|Any CPU.Build.0 = Debug|Any CPU
		{7D4CD1D4-4DD2-418F-9E46-FF4140293B63}.Release|Any CPU.ActiveCfg = Release|Any CPU
		{7D4CD1D4-4DD2-418F-9E46-FF4140293B63}.Release|Any CPU.Build.0 = Release|Any CPU
	EndGlobalSection
	GlobalSection(NestedProjects) = preSolution
		{FB68D5A1-89AA-47AB-B397-F93FF529995C} = {F40ED49E-72A3-410D-AFBC-94FE31614C1A}
		{7D4CD1D4-4DD2-418F-9E46-FF4140293B63} = {F40ED49E-72A3-410D-AFBC-94FE31614C1A}
	EndGlobalSection
EndGlobal
